// !$*UTF8*$!
{
	archiveVersion = 1;
	classes = {
	};
	objectVersion = 46;
	objects = {

/* Begin PBXBuildFile section */
		B3593AE61B921F12002083D2 /* main.m in Sources */ = {isa = PBXBuildFile; fileRef = B3593AE51B921F12002083D2 /* main.m */; };
		B3593AE91B921F12002083D2 /* AppDelegate.m in Sources */ = {isa = PBXBuildFile; fileRef = B3593AE81B921F12002083D2 /* AppDelegate.m */; };
		B3593AEC1B921F12002083D2 /* ViewController.m in Sources */ = {isa = PBXBuildFile; fileRef = B3593AEB1B921F12002083D2 /* ViewController.m */; };
		B3593AEF1B921F12002083D2 /* Main.storyboard in Resources */ = {isa = PBXBuildFile; fileRef = B3593AED1B921F12002083D2 /* Main.storyboard */; };
		B3593AF11B921F12002083D2 /* Images.xcassets in Resources */ = {isa = PBXBuildFile; fileRef = B3593AF01B921F12002083D2 /* Images.xcassets */; };
		B3593AF41B921F12002083D2 /* LaunchScreen.xib in Resources */ = {isa = PBXBuildFile; fileRef = B3593AF21B921F12002083D2 /* LaunchScreen.xib */; };
		B3593B001B921F12002083D2 /* meituanTests.m in Sources */ = {isa = PBXBuildFile; fileRef = B3593AFF1B921F12002083D2 /* meituanTests.m */; };
/* End PBXBuildFile section */

/* Begin PBXContainerItemProxy section */
		B3593AFA1B921F12002083D2 /* PBXContainerItemProxy */ = {
			isa = PBXContainerItemProxy;
			containerPortal = B3593AD81B921F12002083D2 /* Project object */;
			proxyType = 1;
			remoteGlobalIDString = B3593ADF1B921F12002083D2;
			remoteInfo = meituan;
		};
/* End PBXContainerItemProxy section */

/* Begin PBXFileReference section */
		B3593AE01B921F12002083D2 /* meituan.app */ = {isa = PBXFileReference; explicitFileType = wrapper.application; includeInIndex = 0; path = meituan.app; sourceTree = BUILT_PRODUCTS_DIR; };
		B3593AE41B921F12002083D2 /* Info.plist */ = {isa = PBXFileReference; lastKnownFileType = text.plist.xml; path = Info.plist; sourceTree = "<group>"; };
		B3593AE51B921F12002083D2 /* main.m */ = {isa = PBXFileReference; lastKnownFileType = sourcecode.c.objc; path = main.m; sourceTree = "<group>"; };
		B3593AE71B921F12002083D2 /* AppDelegate.h */ = {isa = PBXFileReference; lastKnownFileType = sourcecode.c.h; path = AppDelegate.h; sourceTree = "<group>"; };
		B3593AE81B921F12002083D2 /* AppDelegate.m */ = {isa = PBXFileReference; lastKnownFileType = sourcecode.c.objc; path = AppDelegate.m; sourceTree = "<group>"; };
		B3593AEA1B921F12002083D2 /* ViewController.h */ = {isa = PBXFileReference; lastKnownFileType = sourcecode.c.h; path = ViewController.h; sourceTree = "<group>"; };
		B3593AEB1B921F12002083D2 /* ViewController.m */ = {isa = PBXFileReference; lastKnownFileType = sourcecode.c.objc; path = ViewController.m; sourceTree = "<group>"; };
		B3593AEE1B921F12002083D2 /* Base */ = {isa = PBXFileReference; lastKnownFileType = file.storyboard; name = Base; path = Base.lproj/Main.storyboard; sourceTree = "<group>"; };
		B3593AF01B921F12002083D2 /* Images.xcassets */ = {isa = PBXFileReference; lastKnownFileType = folder.assetcatalog; path = Images.xcassets; sourceTree = "<group>"; };
		B3593AF31B921F12002083D2 /* Base */ = {isa = PBXFileReference; lastKnownFileType = file.xib; name = Base; path = Base.lproj/LaunchScreen.xib; sourceTree = "<group>"; };
		B3593AF91B921F12002083D2 /* meituanTests.xctest */ = {isa = PBXFileReference; explicitFileType = wrapper.cfbundle; includeInIndex = 0; path = meituanTests.xctest; sourceTree = BUILT_PRODUCTS_DIR; };
		B3593AFE1B921F12002083D2 /* Info.plist */ = {isa = PBXFileReference; lastKnownFileType = text.plist.xml; path = Info.plist; sourceTree = "<group>"; };
		B3593AFF1B921F12002083D2 /* meituanTests.m */ = {isa = PBXFileReference; lastKnownFileType = sourcecode.c.objc; path = meituanTests.m; sourceTree = "<group>"; };
/* End PBXFileReference section */

/* Begin PBXFrameworksBuildPhase section */
		B3593ADD1B921F12002083D2 /* Frameworks */ = {
			isa = PBXFrameworksBuildPhase;
			buildActionMask = 2147483647;
			files = (
			);
			runOnlyForDeploymentPostprocessing = 0;
		};
		B3593AF61B921F12002083D2 /* Frameworks */ = {
			isa = PBXFrameworksBuildPhase;
			buildActionMask = 2147483647;
			files = (
			);
			runOnlyForDeploymentPostprocessing = 0;
		};
/* End PBXFrameworksBuildPhase section */

/* Begin PBXGroup section */
		B3593AD71B921F12002083D2 = {
			isa = PBXGroup;
			children = (
				B3593AE21B921F12002083D2 /* meituan */,
				B3593AFC1B921F12002083D2 /* meituanTests */,
				B3593AE11B921F12002083D2 /* Products */,
			);
			sourceTree = "<group>";
		};
		B3593AE11B921F12002083D2 /* Products */ = {
			isa = PBXGroup;
			children = (
				B3593AE01B921F12002083D2 /* meituan.app */,
				B3593AF91B921F12002083D2 /* meituanTests.xctest */,
			);
			name = Products;
			sourceTree = "<group>";
		};
		B3593AE21B921F12002083D2 /* meituan */ = {
			isa = PBXGroup;
			children = (
				B3593AE71B921F12002083D2 /* AppDelegate.h */,
				B3593AE81B921F12002083D2 /* AppDelegate.m */,
				B3593AEA1B921F12002083D2 /* ViewController.h */,
				B3593AEB1B921F12002083D2 /* ViewController.m */,
				B3593AED1B921F12002083D2 /* Main.storyboard */,
				B3593AF01B921F12002083D2 /* Images.xcassets */,
				B3593AF21B921F12002083D2 /* LaunchScreen.xib */,
				B3593AE31B921F12002083D2 /* Supporting Files */,
			);
			path = meituan;
			sourceTree = "<group>";
		};
		B3593AE31B921F12002083D2 /* Supporting Files */ = {
			isa = PBXGroup;
			children = (
				B3593AE41B921F12002083D2 /* Info.plist */,
				B3593AE51B921F12002083D2 /* main.m */,
			);
			name = "Supporting Files";
			sourceTree = "<group>";
		};
		B3593AFC1B921F12002083D2 /* meituanTests */ = {
			isa = PBXGroup;
			children = (
				B3593AFF1B921F12002083D2 /* meituanTests.m */,
				B3593AFD1B921F12002083D2 /* Supporting Files */,
			);
			path = meituanTests;
			sourceTree = "<group>";
		};
		B3593AFD1B921F12002083D2 /* Supporting Files */ = {
			isa = PBXGroup;
			children = (
				B3593AFE1B921F12002083D2 /* Info.plist */,
			);
			name = "Supporting Files";
			sourceTree = "<group>";
		};
/* End PBXGroup section */

/* Begin PBXNativeTarget section */
		B3593ADF1B921F12002083D2 /* meituan */ = {
			isa = PBXNativeTarget;
			buildConfigurationList = B3593B031B921F12002083D2 /* Build configuration list for PBXNativeTarget "meituan" */;
			buildPhases = (
				B3593ADC1B921F12002083D2 /* Sources */,
				B3593ADD1B921F12002083D2 /* Frameworks */,
				B3593ADE1B921F12002083D2 /* Resources */,
			);
			buildRules = (
			);
			dependencies = (
			);
			name = meituan;
			productName = meituan;
			productReference = B3593AE01B921F12002083D2 /* meituan.app */;
			productType = "com.apple.product-type.application";
		};
		B3593AF81B921F12002083D2 /* meituanTests */ = {
			isa = PBXNativeTarget;
			buildConfigurationList = B3593B061B921F12002083D2 /* Build configuration list for PBXNativeTarget "meituanTests" */;
			buildPhases = (
				B3593AF51B921F12002083D2 /* Sources */,
				B3593AF61B921F12002083D2 /* Frameworks */,
				B3593AF71B921F12002083D2 /* Resources */,
			);
			buildRules = (
			);
			dependencies = (
				B3593AFB1B921F12002083D2 /* PBXTargetDependency */,
			);
			name = meituanTests;
			productName = meituanTests;
			productReference = B3593AF91B921F12002083D2 /* meituanTests.xctest */;
			productType = "com.apple.product-type.bundle.unit-test";
		};
/* End PBXNativeTarget section */

/* Begin PBXProject section */
		B3593AD81B921F12002083D2 /* Project object */ = {
			isa = PBXProject;
			attributes = {
				LastUpgradeCheck = 0640;
				ORGANIZATIONNAME = com.520it;
				TargetAttributes = {
					B3593ADF1B921F12002083D2 = {
						CreatedOnToolsVersion = 6.4;
					};
					B3593AF81B921F12002083D2 = {
						CreatedOnToolsVersion = 6.4;
						TestTargetID = B3593ADF1B921F12002083D2;
					};
				};
			};
			buildConfigurationList = B3593ADB1B921F12002083D2 /* Build configuration list for PBXProject "meituan" */;
			compatibilityVersion = "Xcode 3.2";
			developmentRegion = English;
			hasScannedForEncodings = 0;
			knownRegions = (
				en,
				Base,
			);
			mainGroup = B3593AD71B921F12002083D2;
			productRefGroup = B3593AE11B921F12002083D2 /* Products */;
			projectDirPath = "";
			projectRoot = "";
			targets = (
				B3593ADF1B921F12002083D2 /* meituan */,
				B3593AF81B921F12002083D2 /* meituanTests */,
			);
		};
/* End PBXProject section */

/* Begin PBXResourcesBuildPhase section */
		B3593ADE1B921F12002083D2 /* Resources */ = {
			isa = PBXResourcesBuildPhase;
			buildActionMask = 2147483647;
			files = (
				B3593AEF1B921F12002083D2 /* Main.storyboard in Resources */,
				B3593AF41B921F12002083D2 /* LaunchScreen.xib in Resources */,
				B3593AF11B921F12002083D2 /* Images.xcassets in Resources */,
			);
			runOnlyForDeploymentPostprocessing = 0;
		};
		B3593AF71B921F12002083D2 /* Resources */ = {
			isa = PBXResourcesBuildPhase;
			buildActionMask = 2147483647;
			files = (
			);
			runOnlyForDeploymentPostprocessing = 0;
		};
/* End PBXResourcesBuildPhase section */

/* Begin PBXSourcesBuildPhase section */
		B3593ADC1B921F12002083D2 /* Sources */ = {
			isa = PBXSourcesBuildPhase;
			buildActionMask = 2147483647;
			files = (
				B3593AEC1B921F12002083D2 /* ViewController.m in Sources */,
				B3593AE91B921F12002083D2 /* AppDelegate.m in Sources */,
				B3593AE61B921F12002083D2 /* main.m in Sources */,
			);
			runOnlyForDeploymentPostprocessing = 0;
		};
		B3593AF51B921F12002083D2 /* Sources */ = {
			isa = PBXSourcesBuildPhase;
			buildActionMask = 2147483647;
			files = (
				B3593B001B921F12002083D2 /* meituanTests.m in Sources */,
			);
			runOnlyForDeploymentPostprocessing = 0;
		};
/* End PBXSourcesBuildPhase section */

/* Begin PBXTargetDependency section */
		B3593AFB1B921F12002083D2 /* PBXTargetDependency */ = {
			isa = PBXTargetDependency;
			target = B3593ADF1B921F12002083D2 /* meituan */;
			targetProxy = B3593AFA1B921F12002083D2 /* PBXContainerItemProxy */;
		};
/* End PBXTargetDependency section */

/* Begin PBXVariantGroup section */
		B3593AED1B921F12002083D2 /* Main.storyboard */ = {
			isa = PBXVariantGroup;
			children = (
				B3593AEE1B921F12002083D2 /* Base */,
			);
			name = Main.storyboard;
			sourceTree = "<group>";
		};
		B3593AF21B921F12002083D2 /* LaunchScreen.xib */ = {
			isa = PBXVariantGroup;
			children = (
				B3593AF31B921F12002083D2 /* Base */,
			);
			name = LaunchScreen.xib;
			sourceTree = "<group>";
		};
/* End PBXVariantGroup section */

/* Begin XCBuildConfiguration section */
		B3593B011B921F12002083D2 /* Debug */ = {
			isa = XCBuildConfiguration;
			buildSettings = {
				ALWAYS_SEARCH_USER_PATHS = NO;
				CLANG_CXX_LANGUAGE_STANDARD = "gnu++0x";
				CLANG_CXX_LIBRARY = "libc++";
				CLANG_ENABLE_MODULES = YES;
				CLANG_ENABLE_OBJC_ARC = YES;
				CLANG_WARN_BOOL_CONVERSION = YES;
				CLANG_WARN_CONSTANT_CONVERSION = YES;
				CLANG_WARN_DIRECT_OBJC_ISA_USAGE = YES_ERROR;
				CLANG_WARN_EMPTY_BODY = YES;
				CLANG_WARN_ENUM_CONVERSION = YES;
				CLANG_WARN_INT_CONVERSION = YES;
				CLANG_WARN_OBJC_ROOT_CLASS = YES_ERROR;
				CLANG_WARN_UNREACHABLE_CODE = YES;
				CLANG_WARN__DUPLICATE_METHOD_MATCH = YES;
				"CODE_SIGN_IDENTITY[sdk=iphoneos*]" = "iPhone Developer";
				COPY_PHASE_STRIP = NO;
				DEBUG_INFORMATION_FORMAT = "dwarf-with-dsym";
				ENABLE_STRICT_OBJC_MSGSEND = YES;
				GCC_C_LANGUAGE_STANDARD = gnu99;
				GCC_DYNAMIC_NO_PIC = NO;
				GCC_NO_COMMON_BLOCKS = YES;
				GCC_OPTIMIZATION_LEVEL = 0;
				GCC_PREPROCESSOR_DEFINITIONS = (
					"DEBUG=1",
					"$(inherited)",
				);
				GCC_SYMBOLS_PRIVATE_EXTERN = NO;
				GCC_WARN_64_TO_32_BIT_CONVERSION = YES;
				GCC_WARN_ABOUT_RETURN_TYPE = YES_ERROR;
				GCC_WARN_UNDECLARED_SELECTOR = YES;
				GCC_WARN_UNINITIALIZED_AUTOS = YES_AGGRESSIVE;
				GCC_WARN_UNUSED_FUNCTION = YES;
				GCC_WARN_UNUSED_VARIABLE = YES;
				IPHONEOS_DEPLOYMENT_TARGET = 8.4;
				MTL_ENABLE_DEBUG_INFO = YES;
				ONLY_ACTIVE_ARCH = YES;
				SDKROOT = iphoneos;
				TARGETED_DEVICE_FAMILY = "1,2";
			};
			name = Debug;
		};
		B3593B021B921F12002083D2 /* Release */ = {
			isa = XCBuildConfiguration;
			buildSettings = {
				ALWAYS_SEARCH_USER_PATHS = NO;
				CLANG_CXX_LANGUAGE_STANDARD = "gnu++0x";
				CLANG_CXX_LIBRARY = "libc++";
				CLANG_ENABLE_MODULES = YES;
				CLANG_ENABLE_OBJC_ARC = YES;
				CLANG_WARN_BOOL_CONVERSION = YES;
				CLANG_WARN_CONSTANT_CONVERSION = YES;
				CLANG_WARN_DIRECT_OBJC_ISA_USAGE = YES_ERROR;
				CLANG_WARN_EMPTY_BODY = YES;
				CLANG_WARN_ENUM_CONVERSION = YES;
				CLANG_WARN_INT_CONVERSION = YES;
				CLANG_WARN_OBJC_ROOT_CLASS = YES_ERROR;
				CLANG_WARN_UNREACHABLE_CODE = YES;
				CLANG_WARN__DUPLICATE_METHOD_MATCH = YES;
				"CODE_SIGN_IDENTITY[sdk=iphoneos*]" = "iPhone Developer";
				COPY_PHASE_STRIP = NO;
				DEBUG_INFORMATION_FORMAT = "dwarf-with-dsym";
				ENABLE_NS_ASSERTIONS = NO;
				ENABLE_STRICT_OBJC_MSGSEND = YES;
				GCC_C_LANGUAGE_STANDARD = gnu99;
				GCC_NO_COMMON_BLOCKS = YES;
				GCC_WARN_64_TO_32_BIT_CONVERSION = YES;
				GCC_WARN_ABOUT_RETURN_TYPE = YES_ERROR;
				GCC_WARN_UNDECLARED_SELECTOR = YES;
				GCC_WARN_UNINITIALIZED_AUTOS = YES_AGGRESSIVE;
				GCC_WARN_UNUSED_FUNCTION = YES;
				GCC_WARN_UNUSED_VARIABLE = YES;
				IPHONEOS_DEPLOYMENT_TARGET = 8.4;
				MTL_ENABLE_DEBUG_INFO = NO;
				SDKROOT = iphoneos;
				TARGETED_DEVICE_FAMILY = "1,2";
				VALIDATE_PRODUCT = YES;
			};
			name = Release;
		};
		B3593B041B921F12002083D2 /* Debug */ = {
			isa = XCBuildConfiguration;
			buildSettings = {
				ASSETCATALOG_COMPILER_APPICON_NAME = AppIcon;
				INFOPLIST_FILE = meituan/Info.plist;
				LD_RUNPATH_SEARCH_PATHS = "$(inherited) @executable_path/Frameworks";
				PRODUCT_NAME = "$(TARGET_NAME)";
			};
			name = Debug;
		};
		B3593B051B921F12002083D2 /* Release */ = {
			isa = XCBuildConfiguration;
			buildSettings = {
				ASSETCATALOG_COMPILER_APPICON_NAME = AppIcon;
				INFOPLIST_FILE = meituan/Info.plist;
				LD_RUNPATH_SEARCH_PATHS = "$(inherited) @executable_path/Frameworks";
				PRODUCT_NAME = "$(TARGET_NAME)";
			};
			name = Release;
		};
		B3593B071B921F12002083D2 /* Debug */ = {
			isa = XCBuildConfiguration;
			buildSettings = {
				BUNDLE_LOADER = "$(TEST_HOST)";
				FRAMEWORK_SEARCH_PATHS = (
					"$(SDKROOT)/Developer/Library/Frameworks",
					"$(inherited)",
				);
				GCC_PREPROCESSOR_DEFINITIONS = (
					"DEBUG=1",
					"$(inherited)",
				);
				INFOPLIST_FILE = meituanTests/Info.plist;
				LD_RUNPATH_SEARCH_PATHS = "$(inherited) @executable_path/Frameworks @loader_path/Frameworks";
				PRODUCT_NAME = "$(TARGET_NAME)";
				TEST_HOST = "$(BUILT_PRODUCTS_DIR)/meituan.app/meituan";
			};
			name = Debug;
		};
		B3593B081B921F12002083D2 /* Release */ = {
			isa = XCBuildConfiguration;
			buildSettings = {
				BUNDLE_LOADER = "$(TEST_HOST)";
				FRAMEWORK_SEARCH_PATHS = (
					"$(SDKROOT)/Developer/Library/Frameworks",
					"$(inherited)",
				);
				INFOPLIST_FILE = meituanTests/Info.plist;
				LD_RUNPATH_SEARCH_PATHS = "$(inherited) @executable_path/Frameworks @loader_path/Frameworks";
				PRODUCT_NAME = "$(TARGET_NAME)";
				TEST_HOST = "$(BUILT_PRODUCTS_DIR)/meituan.app/meituan";
			};
			name = Release;
		};
/* End XCBuildConfiguration section */

/* Begin XCConfigurationList section */
		B3593ADB1B921F12002083D2 /* Build configuration list for PBXProject "meituan" */ = {
			isa = XCConfigurationList;
			buildConfigurations = (
				B3593B011B921F12002083D2 /* Debug */,
				B3593B021B921F12002083D2 /* Release */,
			);
			defaultConfigurationIsVisible = 0;
			defaultConfigurationName = Release;
		};
		B3593B031B921F12002083D2 /* Build configuration list for PBXNativeTarget "meituan" */ = {
			isa = XCConfigurationList;
			buildConfigurations = (
				B3593B041B921F12002083D2 /* Debug */,
				B3593B051B921F12002083D2 /* Release */,
			);
			defaultConfigurationIsVisible = 0;
		};
		B3593B061B921F12002083D2 /* Build configuration list for PBXNativeTarget "meituanTests" */ = {
			isa = XCConfigurationList;
			buildConfigurations = (
				B3593B071B921F12002083D2 /* Debug */,
				B3593B081B921F12002083D2 /* Release */,
			);
			defaultConfigurationIsVisible = 0;
		};
/* End XCConfigurationList section */
	};
	rootObject = B3593AD81B921F12002083D2 /* Project object */;
}
